
Microsoft Visual Studio Solution File, Format Version 12.00
# Visual Studio 15
VisualStudioVersion = 15.0.26403.7
MinimumVisualStudioVersion = 10.0.40219.1
Project("{FAE04EC0-301F-11D3-BF4B-00C04F79EFBC}") = "IpMatcher", "IpMatcher\IpMatcher.csproj", "{51B92C33-EBCD-4BD7-9B07-CBF05CCDBA48}"
EndProject
Project("{FAE04EC0-301F-11D3-BF4B-00C04F79EFBC}") = "Test", "Test\Test.csproj", "{C221E19F-9827-4188-8C3E-651C7018CB58}"
EndProject
Global
	GlobalSection(SolutionConfigurationPlatforms) = preSolution
		Debug|Any CPU = Debug|Any CPU
		Release|Any CPU = Release|Any CPU
	EndGlobalSection
	GlobalSection(ProjectConfigurationPlatforms) = postSolution
		{51B92C33-EBCD-4BD7-9B07-CBF05CCDBA48}.Debug|Any CPU.ActiveCfg = Debug|Any CPU
		{51B92C33-EBCD-4BD7-9B07-CBF05CCDBA48}.Debug|Any CPU.Build.0 = Debug|Any CPU
		{51B92C33-EBCD-4BD7-9B07-CBF05CCDBA48}.Release|Any CPU.ActiveCfg = Release|Any CPU
		{51B92C33-EBCD-4BD7-9B07-CBF05CCDBA48}.Release|Any CPU.Build.0 = Release|Any CPU
		{C221E19F-9827-4188-8C3E-651C7018CB58}.Debug|Any CPU.ActiveCfg = Debug|Any CPU
		{C221E19F-9827-4188-8C3E-651C7018CB58}.Debug|Any CPU.Build.0 = Debug|Any CPU
		{C221E19F-9827-4188-8C3E-651C7018CB58}.Release|Any CPU.ActiveCfg = Release|Any CPU
		{C221E19F-9827-4188-8C3E-651C7018CB58}.Release|Any CPU.Build.0 = Release|Any CPU
	EndGlobalSection
	GlobalSection(SolutionProperties) = preSolution
		HideSolutionNode = FALSE
	EndGlobalSection
EndGlobal
