
Microsoft Visual Studio Solution File, Format Version 12.00
# Visual Studio 15
VisualStudioVersion = 15.0.26403.7
MinimumVisualStudioVersion = 10.0.40219.1
Project("{FAE04EC0-301F-11D3-BF4B-00C04F79EFBC}") = "IpMatcher", "IpMatcher\IpMatcher.csproj", "{C77C483C-D124-4A14-8B68-0EEB0E259D6B}"
EndProject
Project("{FAE04EC0-301F-11D3-BF4B-00C04F79EFBC}") = "Test", "Test\Test.csproj", "{F74026E7-02C7-42A9-8881-D62B0A14608B}"
EndProject
Project("{FAE04EC0-301F-11D3-BF4B-00C04F79EFBC}") = "Test.Shared", "Test.Shared\Test.Shared.csproj", "{CCA98D57-8679-44B1-9954-0B7FF3509CDE}"
EndProject
Project("{FAE04EC0-301F-11D3-BF4B-00C04F79EFBC}") = "Test.Automated", "Test.Automated\Test.Automated.csproj", "{6F6AB5D2-7540-4177-B517-84B5096E69A2}"
EndProject
Project("{FAE04EC0-301F-11D3-BF4B-00C04F79EFBC}") = "Test.Xunit", "Test.Xunit\Test.Xunit.csproj", "{DF28ED65-1CEB-45E4-BAF0-8145BCB2E5C5}"
EndProject
Project("{FAE04EC0-301F-11D3-BF4B-00C04F79EFBC}") = "Test.Nunit", "Test.Nunit\Test.Nunit.csproj", "{E47C62EA-51B4-4686-A6F8-26FF8512C278}"
EndProject
Global
	GlobalSection(SolutionConfigurationPlatforms) = preSolution
		Debug|Any CPU = Debug|Any CPU
		Debug|x64 = Debug|x64
		Debug|x86 = Debug|x86
		Release|Any CPU = Release|Any CPU
		Release|x64 = Release|x64
		Release|x86 = Release|x86
	EndGlobalSection
	GlobalSection(ProjectConfigurationPlatforms) = postSolution
		{C77C483C-D124-4A14-8B68-0EEB0E259D6B}.Debug|Any CPU.ActiveCfg = Debug|Any CPU
		{C77C483C-D124-4A14-8B68-0EEB0E259D6B}.Debug|Any CPU.Build.0 = Debug|Any CPU
		{C77C483C-D124-4A14-8B68-0EEB0E259D6B}.Debug|x64.ActiveCfg = Debug|Any CPU
		{C77C483C-D124-4A14-8B68-0EEB0E259D6B}.Debug|x64.Build.0 = Debug|Any CPU
		{C77C483C-D124-4A14-8B68-0EEB0E259D6B}.Debug|x86.ActiveCfg = Debug|Any CPU
		{C77C483C-D124-4A14-8B68-0EEB0E259D6B}.Debug|x86.Build.0 = Debug|Any CPU
		{C77C483C-D124-4A14-8B68-0EEB0E259D6B}.Release|Any CPU.ActiveCfg = Release|Any CPU
		{C77C483C-D124-4A14-8B68-0EEB0E259D6B}.Release|Any CPU.Build.0 = Release|Any CPU
		{C77C483C-D124-4A14-8B68-0EEB0E259D6B}.Release|x64.ActiveCfg = Release|Any CPU
		{C77C483C-D124-4A14-8B68-0EEB0E259D6B}.Release|x64.Build.0 = Release|Any CPU
		{C77C483C-D124-4A14-8B68-0EEB0E259D6B}.Release|x86.ActiveCfg = Release|Any CPU
		{C77C483C-D124-4A14-8B68-0EEB0E259D6B}.Release|x86.Build.0 = Release|Any CPU
		{F74026E7-02C7-42A9-8881-D62B0A14608B}.Debug|Any CPU.ActiveCfg = Debug|Any CPU
		{F74026E7-02C7-42A9-8881-D62B0A14608B}.Debug|Any CPU.Build.0 = Debug|Any CPU
		{F74026E7-02C7-42A9-8881-D62B0A14608B}.Debug|x64.ActiveCfg = Debug|Any CPU
		{F74026E7-02C7-42A9-8881-D62B0A14608B}.Debug|x64.Build.0 = Debug|Any CPU
		{F74026E7-02C7-42A9-8881-D62B0A14608B}.Debug|x86.ActiveCfg = Debug|Any CPU
		{F74026E7-02C7-42A9-8881-D62B0A14608B}.Debug|x86.Build.0 = Debug|Any CPU
		{F74026E7-02C7-42A9-8881-D62B0A14608B}.Release|Any CPU.ActiveCfg = Release|Any CPU
		{F74026E7-02C7-42A9-8881-D62B0A14608B}.Release|Any CPU.Build.0 = Release|Any CPU
		{F74026E7-02C7-42A9-8881-D62B0A14608B}.Release|x64.ActiveCfg = Release|Any CPU
		{F74026E7-02C7-42A9-8881-D62B0A14608B}.Release|x64.Build.0 = Release|Any CPU
		{F74026E7-02C7-42A9-8881-D62B0A14608B}.Release|x86.ActiveCfg = Release|Any CPU
		{F74026E7-02C7-42A9-8881-D62B0A14608B}.Release|x86.Build.0 = Release|Any CPU
		{CCA98D57-8679-44B1-9954-0B7FF3509CDE}.Debug|Any CPU.ActiveCfg = Debug|Any CPU
		{CCA98D57-8679-44B1-9954-0B7FF3509CDE}.Debug|Any CPU.Build.0 = Debug|Any CPU
		{CCA98D57-8679-44B1-9954-0B7FF3509CDE}.Debug|x64.ActiveCfg = Debug|Any CPU
		{CCA98D57-8679-44B1-9954-0B7FF3509CDE}.Debug|x64.Build.0 = Debug|Any CPU
		{CCA98D57-8679-44B1-9954-0B7FF3509CDE}.Debug|x86.ActiveCfg = Debug|Any CPU
		{CCA98D57-8679-44B1-9954-0B7FF3509CDE}.Debug|x86.Build.0 = Debug|Any CPU
		{CCA98D57-8679-44B1-9954-0B7FF3509CDE}.Release|Any CPU.ActiveCfg = Release|Any CPU
		{CCA98D57-8679-44B1-9954-0B7FF3509CDE}.Release|Any CPU.Build.0 = Release|Any CPU
		{CCA98D57-8679-44B1-9954-0B7FF3509CDE}.Release|x64.ActiveCfg = Release|Any CPU
		{CCA98D57-8679-44B1-9954-0B7FF3509CDE}.Release|x64.Build.0 = Release|Any CPU
		{CCA98D57-8679-44B1-9954-0B7FF3509CDE}.Release|x86.ActiveCfg = Release|Any CPU
		{CCA98D57-8679-44B1-9954-0B7FF3509CDE}.Release|x86.Build.0 = Release|Any CPU
		{6F6AB5D2-7540-4177-B517-84B5096E69A2}.Debug|Any CPU.ActiveCfg = Debug|Any CPU
		{6F6AB5D2-7540-4177-B517-84B5096E69A2}.Debug|Any CPU.Build.0 = Debug|Any CPU
		{6F6AB5D2-7540-4177-B517-84B5096E69A2}.Debug|x64.ActiveCfg = Debug|Any CPU
		{6F6AB5D2-7540-4177-B517-84B5096E69A2}.Debug|x64.Build.0 = Debug|Any CPU
		{6F6AB5D2-7540-4177-B517-84B5096E69A2}.Debug|x86.ActiveCfg = Debug|Any CPU
		{6F6AB5D2-7540-4177-B517-84B5096E69A2}.Debug|x86.Build.0 = Debug|Any CPU
		{6F6AB5D2-7540-4177-B517-84B5096E69A2}.Release|Any CPU.ActiveCfg = Release|Any CPU
		{6F6AB5D2-7540-4177-B517-84B5096E69A2}.Release|Any CPU.Build.0 = Release|Any CPU
		{6F6AB5D2-7540-4177-B517-84B5096E69A2}.Release|x64.ActiveCfg = Release|Any CPU
		{6F6AB5D2-7540-4177-B517-84B5096E69A2}.Release|x64.Build.0 = Release|Any CPU
		{6F6AB5D2-7540-4177-B517-84B5096E69A2}.Release|x86.ActiveCfg = Release|Any CPU
		{6F6AB5D2-7540-4177-B517-84B5096E69A2}.Release|x86.Build.0 = Release|Any CPU
		{DF28ED65-1CEB-45E4-BAF0-8145BCB2E5C5}.Debug|Any CPU.ActiveCfg = Debug|Any CPU
		{DF28ED65-1CEB-45E4-BAF0-8145BCB2E5C5}.Debug|Any CPU.Build.0 = Debug|Any CPU
		{DF28ED65-1CEB-45E4-BAF0-8145BCB2E5C5}.Debug|x64.ActiveCfg = Debug|Any CPU
		{DF28ED65-1CEB-45E4-BAF0-8145BCB2E5C5}.Debug|x64.Build.0 = Debug|Any CPU
		{DF28ED65-1CEB-45E4-BAF0-8145BCB2E5C5}.Debug|x86.ActiveCfg = Debug|Any CPU
		{DF28ED65-1CEB-45E4-BAF0-8145BCB2E5C5}.Debug|x86.Build.0 = Debug|Any CPU
		{DF28ED65-1CEB-45E4-BAF0-8145BCB2E5C5}.Release|Any CPU.ActiveCfg = Release|Any CPU
		{DF28ED65-1CEB-45E4-BAF0-8145BCB2E5C5}.Release|Any CPU.Build.0 = Release|Any CPU
		{DF28ED65-1CEB-45E4-BAF0-8145BCB2E5C5}.Release|x64.ActiveCfg = Release|Any CPU
		{DF28ED65-1CEB-45E4-BAF0-8145BCB2E5C5}.Release|x64.Build.0 = Release|Any CPU
		{DF28ED65-1CEB-45E4-BAF0-8145BCB2E5C5}.Release|x86.ActiveCfg = Release|Any CPU
		{DF28ED65-1CEB-45E4-BAF0-8145BCB2E5C5}.Release|x86.Build.0 = Release|Any CPU
		{E47C62EA-51B4-4686-A6F8-26FF8512C278}.Debug|Any CPU.ActiveCfg = Debug|Any CPU
		{E47C62EA-51B4-4686-A6F8-26FF8512C278}.Debug|Any CPU.Build.0 = Debug|Any CPU
		{E47C62EA-51B4-4686-A6F8-26FF8512C278}.Debug|x64.ActiveCfg = Debug|Any CPU
		{E47C62EA-51B4-4686-A6F8-26FF8512C278}.Debug|x64.Build.0 = Debug|Any CPU
		{E47C62EA-51B4-4686-A6F8-26FF8512C278}.Debug|x86.ActiveCfg = Debug|Any CPU
		{E47C62EA-51B4-4686-A6F8-26FF8512C278}.Debug|x86.Build.0 = Debug|Any CPU
		{E47C62EA-51B4-4686-A6F8-26FF8512C278}.Release|Any CPU.ActiveCfg = Release|Any CPU
		{E47C62EA-51B4-4686-A6F8-26FF8512C278}.Release|Any CPU.Build.0 = Release|Any CPU
		{E47C62EA-51B4-4686-A6F8-26FF8512C278}.Release|x64.ActiveCfg = Release|Any CPU
		{E47C62EA-51B4-4686-A6F8-26FF8512C278}.Release|x64.Build.0 = Release|Any CPU
		{E47C62EA-51B4-4686-A6F8-26FF8512C278}.Release|x86.ActiveCfg = Release|Any CPU
		{E47C62EA-51B4-4686-A6F8-26FF8512C278}.Release|x86.Build.0 = Release|Any CPU
	EndGlobalSection
	GlobalSection(SolutionProperties) = preSolution
		HideSolutionNode = FALSE
	EndGlobalSection
	GlobalSection(ExtensibilityGlobals) = postSolution
		SolutionGuid = {9D9FABA3-F213-4226-82AB-C06C8909AECB}
	EndGlobalSection
EndGlobal
